
Microsoft Visual Studio Solution File, Format Version 12.00
# Visual Studio Version 16
VisualStudioVersion = 16.0.31515.178
MinimumVisualStudioVersion = 10.0.40219.1
Project("{FAE04EC0-301F-11D3-BF4B-00C04F79EFBC}") = "LFGate", "LFGate\LFGate.csproj", "{E5D5B301-BE5E-493E-BBC7-D35A6BF835DF}"
EndProject
Global
	GlobalSection(SolutionConfigurationPlatforms) = preSolution
		Debug|Any CPU = Debug|Any CPU
		Release|Any CPU = Release|Any CPU
	EndGlobalSection
	GlobalSection(ProjectConfigurationPlatforms) = postSolution
		{E5D5B301-BE5E-493E-BBC7-D35A6BF835DF}.Debug|Any CPU.ActiveCfg = Debug|Any CPU
		{E5D5B301-BE5E-493E-BBC7-D35A6BF835DF}.Debug|Any CPU.Build.0 = Debug|Any CPU
		{E5D5B301-BE5E-493E-BBC7-D35A6BF835DF}.Release|Any CPU.ActiveCfg = Release|Any CPU
		{E5D5B301-BE5E-493E-BBC7-D35A6BF835DF}.Release|Any CPU.Build.0 = Release|Any CPU
	EndGlobalSection
	GlobalSection(SolutionProperties) = preSolution
		HideSolutionNode = FALSE
	EndGlobalSection
	GlobalSection(ExtensibilityGlobals) = postSolution
		SolutionGuid = {1109484C-8C4A-44A1-8B36-3EEA467BC1D0}
	EndGlobalSection
EndGlobal
